
Microsoft Visual Studio Solution File, Format Version 12.00
# Visual Studio Version 17
VisualStudioVersion = 17.2.32616.157
MinimumVisualStudioVersion = 10.0.40219.1
Project("{FAE04EC0-301F-11D3-BF4B-00C04F79EFBC}") = "EntityFramwork.net5", "EntityFramwork.net5.csproj", "{8F59CDB8-6287-40C0-A134-EC4C9E4DEA4C}"
EndProject
Global
	GlobalSection(SolutionConfigurationPlatforms) = preSolution
		Debug|Any CPU = Debug|Any CPU
		Release|Any CPU = Release|Any CPU
	EndGlobalSection
	GlobalSection(ProjectConfigurationPlatforms) = postSolution
		{8F59CDB8-6287-40C0-A134-EC4C9E4DEA4C}.Debug|Any CPU.ActiveCfg = Debug|Any CPU
		{8F59CDB8-6287-40C0-A134-EC4C9E4DEA4C}.Debug|Any CPU.Build.0 = Debug|Any CPU
		{8F59CDB8-6287-40C0-A134-EC4C9E4DEA4C}.Release|Any CPU.ActiveCfg = Release|Any CPU
		{8F59CDB8-6287-40C0-A134-EC4C9E4DEA4C}.Release|Any CPU.Build.0 = Release|Any CPU
	EndGlobalSection
	GlobalSection(SolutionProperties) = preSolution
		HideSolutionNode = FALSE
	EndGlobalSection
	GlobalSection(ExtensibilityGlobals) = postSolution
		SolutionGuid = {EF716108-6A1D-4B60-966A-3C83CE3597F9}
	EndGlobalSection
EndGlobal
